{
  "pins" : [
    {
      "identity" : "launchatlogin",
      "kind" : "remoteSourceControl",
      "location" : "https://github.com/sindresorhus/LaunchAtLogin",
      "state" : {
        "revision" : "0f39982b9d6993eef253b81219d3c39ba1e680f3",
        "version" : "4.0.0"
      }
    },
    {
      "identity" : "logwatcher",
      "kind" : "remoteSourceControl",
      "location" : "https://github.com/mattorb/LogWatcher",
      "state" : {
        "branch" : "main",
        "revision" : "8bbd61b5069cd1c9ca11fc57abd26231e18c5023"
      }
    }
  ],
  "version" : 2
}
